
Microsoft Visual Studio Solution File, Format Version 12.00
# Visual Studio Version 16
VisualStudioVersion = 16.0.34031.81
MinimumVisualStudioVersion = 10.0.40219.1
Project("{FAE04EC0-301F-11D3-BF4B-00C04F79EFBC}") = "BT01", "BT01\BT01.csproj", "{53D2A00F-0E47-4D65-B815-32C47F6EA510}"
EndProject
Project("{FAE04EC0-301F-11D3-BF4B-00C04F79EFBC}") = "BT02", "BT02\BT02.csproj", "{DB964DE5-6103-4C9A-8CC5-8113FDCF76C2}"
EndProject
Global
	GlobalSection(SolutionConfigurationPlatforms) = preSolution
		Debug|Any CPU = Debug|Any CPU
		Release|Any CPU = Release|Any CPU
	EndGlobalSection
	GlobalSection(ProjectConfigurationPlatforms) = postSolution
		{53D2A00F-0E47-4D65-B815-32C47F6EA510}.Debug|Any CPU.ActiveCfg = Debug|Any CPU
		{53D2A00F-0E47-4D65-B815-32C47F6EA510}.Debug|Any CPU.Build.0 = Debug|Any CPU
		{53D2A00F-0E47-4D65-B815-32C47F6EA510}.Release|Any CPU.ActiveCfg = Release|Any CPU
		{53D2A00F-0E47-4D65-B815-32C47F6EA510}.Release|Any CPU.Build.0 = Release|Any CPU
		{DB964DE5-6103-4C9A-8CC5-8113FDCF76C2}.Debug|Any CPU.ActiveCfg = Debug|Any CPU
		{DB964DE5-6103-4C9A-8CC5-8113FDCF76C2}.Debug|Any CPU.Build.0 = Debug|Any CPU
		{DB964DE5-6103-4C9A-8CC5-8113FDCF76C2}.Release|Any CPU.ActiveCfg = Release|Any CPU
		{DB964DE5-6103-4C9A-8CC5-8113FDCF76C2}.Release|Any CPU.Build.0 = Release|Any CPU
	EndGlobalSection
	GlobalSection(SolutionProperties) = preSolution
		HideSolutionNode = FALSE
	EndGlobalSection
	GlobalSection(ExtensibilityGlobals) = postSolution
		SolutionGuid = {025385FA-279B-4E32-A8E7-E645BD96BF31}
	EndGlobalSection
EndGlobal
